// !$*UTF8*$!
{
	archiveVersion = 1;
	classes = {
	};
	objectVersion = 46;
	objects = {

/* Begin PBXBuildFile section */
		3B3F830119982D210016C589 /* AppDelegate.swift in Sources */ = {isa = PBXBuildFile; fileRef = 3B3F830019982D210016C589 /* AppDelegate.swift */; };
		3B3F830319982D210016C589 /* ViewController.swift in Sources */ = {isa = PBXBuildFile; fileRef = 3B3F830219982D210016C589 /* ViewController.swift */; };
		3B3F830619982D210016C589 /* Main.storyboard in Resources */ = {isa = PBXBuildFile; fileRef = 3B3F830419982D210016C589 /* Main.storyboard */; };
		3B3F830819982D210016C589 /* Images.xcassets in Resources */ = {isa = PBXBuildFile; fileRef = 3B3F830719982D210016C589 /* Images.xcassets */; };
		3B3F831419982D220016C589 /* TestTests.swift in Sources */ = {isa = PBXBuildFile; fileRef = 3B3F831319982D220016C589 /* TestTests.swift */; };
		3B3F831E19982EE60016C589 /* CoreLocation.framework in Frameworks */ = {isa = PBXBuildFile; fileRef = 3B3F831D19982EE60016C589 /* CoreLocation.framework */; };
/* End PBXBuildFile section */

/* Begin PBXContainerItemProxy section */
		3B3F830E19982D220016C589 /* PBXContainerItemProxy */ = {
			isa = PBXContainerItemProxy;
			containerPortal = 3B3F82F319982D210016C589 /* Project object */;
			proxyType = 1;
			remoteGlobalIDString = 3B3F82FA19982D210016C589;
			remoteInfo = Test;
		};
/* End PBXContainerItemProxy section */

/* Begin PBXFileReference section */
		3B3F82FB19982D210016C589 /* BeaconFoundation.app */ = {isa = PBXFileReference; explicitFileType = wrapper.application; includeInIndex = 0; path = BeaconFoundation.app; sourceTree = BUILT_PRODUCTS_DIR; };
		3B3F82FF19982D210016C589 /* Info.plist */ = {isa = PBXFileReference; lastKnownFileType = text.plist.xml; path = Info.plist; sourceTree = "<group>"; };
		3B3F830019982D210016C589 /* AppDelegate.swift */ = {isa = PBXFileReference; lastKnownFileType = sourcecode.swift; path = AppDelegate.swift; sourceTree = "<group>"; };
		3B3F830219982D210016C589 /* ViewController.swift */ = {isa = PBXFileReference; lastKnownFileType = sourcecode.swift; path = ViewController.swift; sourceTree = "<group>"; };
		3B3F830519982D210016C589 /* Base */ = {isa = PBXFileReference; lastKnownFileType = file.storyboard; name = Base; path = Base.lproj/Main.storyboard; sourceTree = "<group>"; };
		3B3F830719982D210016C589 /* Images.xcassets */ = {isa = PBXFileReference; lastKnownFileType = folder.assetcatalog; path = Images.xcassets; sourceTree = "<group>"; };
		3B3F830D19982D220016C589 /* BeaconFoundationBeaconFoundations.xctest */ = {isa = PBXFileReference; explicitFileType = wrapper.cfbundle; includeInIndex = 0; path = BeaconFoundationBeaconFoundations.xctest; sourceTree = BUILT_PRODUCTS_DIR; };
		3B3F831219982D220016C589 /* Info.plist */ = {isa = PBXFileReference; lastKnownFileType = text.plist.xml; path = Info.plist; sourceTree = "<group>"; };
		3B3F831319982D220016C589 /* TestTests.swift */ = {isa = PBXFileReference; lastKnownFileType = sourcecode.swift; path = TestTests.swift; sourceTree = "<group>"; };
		3B3F831D19982EE60016C589 /* CoreLocation.framework */ = {isa = PBXFileReference; lastKnownFileType = wrapper.framework; name = CoreLocation.framework; path = System/Library/Frameworks/CoreLocation.framework; sourceTree = SDKROOT; };
/* End PBXFileReference section */

/* Begin PBXFrameworksBuildPhase section */
		3B3F82F819982D210016C589 /* Frameworks */ = {
			isa = PBXFrameworksBuildPhase;
			buildActionMask = 2147483647;
			files = (
				3B3F831E19982EE60016C589 /* CoreLocation.framework in Frameworks */,
			);
			runOnlyForDeploymentPostprocessing = 0;
		};
		3B3F830A19982D220016C589 /* Frameworks */ = {
			isa = PBXFrameworksBuildPhase;
			buildActionMask = 2147483647;
			files = (
			);
			runOnlyForDeploymentPostprocessing = 0;
		};
/* End PBXFrameworksBuildPhase section */

/* Begin PBXGroup section */
		3B3F82F219982D210016C589 = {
			isa = PBXGroup;
			children = (
				3B3F831D19982EE60016C589 /* CoreLocation.framework */,
				3B3F82FD19982D210016C589 /* Test */,
				3B3F831019982D220016C589 /* TestTests */,
				3B3F82FC19982D210016C589 /* Products */,
			);
			sourceTree = "<group>";
		};
		3B3F82FC19982D210016C589 /* Products */ = {
			isa = PBXGroup;
			children = (
				3B3F82FB19982D210016C589 /* BeaconFoundation.app */,
				3B3F830D19982D220016C589 /* BeaconFoundationBeaconFoundations.xctest */,
			);
			name = Products;
			sourceTree = "<group>";
		};
		3B3F82FD19982D210016C589 /* Test */ = {
			isa = PBXGroup;
			children = (
				3B3F830019982D210016C589 /* AppDelegate.swift */,
				3B3F830219982D210016C589 /* ViewController.swift */,
				3B3F830419982D210016C589 /* Main.storyboard */,
				3B3F830719982D210016C589 /* Images.xcassets */,
				3B3F82FE19982D210016C589 /* Supporting Files */,
			);
			path = Test;
			sourceTree = "<group>";
		};
		3B3F82FE19982D210016C589 /* Supporting Files */ = {
			isa = PBXGroup;
			children = (
				3B3F82FF19982D210016C589 /* Info.plist */,
			);
			name = "Supporting Files";
			sourceTree = "<group>";
		};
		3B3F831019982D220016C589 /* TestTests */ = {
			isa = PBXGroup;
			children = (
				3B3F831319982D220016C589 /* TestTests.swift */,
				3B3F831119982D220016C589 /* Supporting Files */,
			);
			path = TestTests;
			sourceTree = "<group>";
		};
		3B3F831119982D220016C589 /* Supporting Files */ = {
			isa = PBXGroup;
			children = (
				3B3F831219982D220016C589 /* Info.plist */,
			);
			name = "Supporting Files";
			sourceTree = "<group>";
		};
/* End PBXGroup section */

/* Begin PBXNativeTarget section */
		3B3F82FA19982D210016C589 /* BeaconFoundation */ = {
			isa = PBXNativeTarget;
			buildConfigurationList = 3B3F831719982D220016C589 /* Build configuration list for PBXNativeTarget "BeaconFoundation" */;
			buildPhases = (
				3B3F82F719982D210016C589 /* Sources */,
				3B3F82F819982D210016C589 /* Frameworks */,
				3B3F82F919982D210016C589 /* Resources */,
			);
			buildRules = (
			);
			dependencies = (
			);
			name = BeaconFoundation;
			productName = Test;
			productReference = 3B3F82FB19982D210016C589 /* BeaconFoundation.app */;
			productType = "com.apple.product-type.application";
		};
		3B3F830C19982D220016C589 /* BeaconFoundationBeaconFoundations */ = {
			isa = PBXNativeTarget;
			buildConfigurationList = 3B3F831A19982D220016C589 /* Build configuration list for PBXNativeTarget "BeaconFoundationBeaconFoundations" */;
			buildPhases = (
				3B3F830919982D220016C589 /* Sources */,
				3B3F830A19982D220016C589 /* Frameworks */,
				3B3F830B19982D220016C589 /* Resources */,
			);
			buildRules = (
			);
			dependencies = (
				3B3F830F19982D220016C589 /* PBXTargetDependency */,
			);
			name = BeaconFoundationBeaconFoundations;
			productName = TestTests;
			productReference = 3B3F830D19982D220016C589 /* BeaconFoundationBeaconFoundations.xctest */;
			productType = "com.apple.product-type.bundle.unit-test";
		};
/* End PBXNativeTarget section */

/* Begin PBXProject section */
		3B3F82F319982D210016C589 /* Project object */ = {
			isa = PBXProject;
			attributes = {
				LastUpgradeCheck = 0600;
				ORGANIZATIONNAME = GPW;
				TargetAttributes = {
					3B3F82FA19982D210016C589 = {
						CreatedOnToolsVersion = 6.0;
						SystemCapabilities = {
							com.apple.BackgroundModes = {
								enabled = 1;
							};
						};
					};
					3B3F830C19982D220016C589 = {
						CreatedOnToolsVersion = 6.0;
						TestTargetID = 3B3F82FA19982D210016C589;
					};
				};
			};
			buildConfigurationList = 3B3F82F619982D210016C589 /* Build configuration list for PBXProject "BeaconFoundation" */;
			compatibilityVersion = "Xcode 3.2";
			developmentRegion = English;
			hasScannedForEncodings = 0;
			knownRegions = (
				en,
				Base,
			);
			mainGroup = 3B3F82F219982D210016C589;
			productRefGroup = 3B3F82FC19982D210016C589 /* Products */;
			projectDirPath = "";
			projectRoot = "";
			targets = (
				3B3F82FA19982D210016C589 /* BeaconFoundation */,
				3B3F830C19982D220016C589 /* BeaconFoundationBeaconFoundations */,
			);
		};
/* End PBXProject section */

/* Begin PBXResourcesBuildPhase section */
		3B3F82F919982D210016C589 /* Resources */ = {
			isa = PBXResourcesBuildPhase;
			buildActionMask = 2147483647;
			files = (
				3B3F830619982D210016C589 /* Main.storyboard in Resources */,
				3B3F830819982D210016C589 /* Images.xcassets in Resources */,
			);
			runOnlyForDeploymentPostprocessing = 0;
		};
		3B3F830B19982D220016C589 /* Resources */ = {
			isa = PBXResourcesBuildPhase;
			buildActionMask = 2147483647;
			files = (
			);
			runOnlyForDeploymentPostprocessing = 0;
		};
/* End PBXResourcesBuildPhase section */

/* Begin PBXSourcesBuildPhase section */
		3B3F82F719982D210016C589 /* Sources */ = {
			isa = PBXSourcesBuildPhase;
			buildActionMask = 2147483647;
			files = (
				3B3F830319982D210016C589 /* ViewController.swift in Sources */,
				3B3F830119982D210016C589 /* AppDelegate.swift in Sources */,
			);
			runOnlyForDeploymentPostprocessing = 0;
		};
		3B3F830919982D220016C589 /* Sources */ = {
			isa = PBXSourcesBuildPhase;
			buildActionMask = 2147483647;
			files = (
				3B3F831419982D220016C589 /* TestTests.swift in Sources */,
			);
			runOnlyForDeploymentPostprocessing = 0;
		};
/* End PBXSourcesBuildPhase section */

/* Begin PBXTargetDependency section */
		3B3F830F19982D220016C589 /* PBXTargetDependency */ = {
			isa = PBXTargetDependency;
			target = 3B3F82FA19982D210016C589 /* BeaconFoundation */;
			targetProxy = 3B3F830E19982D220016C589 /* PBXContainerItemProxy */;
		};
/* End PBXTargetDependency section */

/* Begin PBXVariantGroup section */
		3B3F830419982D210016C589 /* Main.storyboard */ = {
			isa = PBXVariantGroup;
			children = (
				3B3F830519982D210016C589 /* Base */,
			);
			name = Main.storyboard;
			sourceTree = "<group>";
		};
/* End PBXVariantGroup section */

/* Begin XCBuildConfiguration section */
		3B3F831519982D220016C589 /* Debug */ = {
			isa = XCBuildConfiguration;
			buildSettings = {
				ALWAYS_SEARCH_USER_PATHS = NO;
				CLANG_CXX_LANGUAGE_STANDARD = "gnu++0x";
				CLANG_CXX_LIBRARY = "libc++";
				CLANG_ENABLE_MODULES = YES;
				CLANG_ENABLE_OBJC_ARC = YES;
				CLANG_WARN_BOOL_CONVERSION = YES;
				CLANG_WARN_CONSTANT_CONVERSION = YES;
				CLANG_WARN_DIRECT_OBJC_ISA_USAGE = YES_ERROR;
				CLANG_WARN_EMPTY_BODY = YES;
				CLANG_WARN_ENUM_CONVERSION = YES;
				CLANG_WARN_INT_CONVERSION = YES;
				CLANG_WARN_OBJC_ROOT_CLASS = YES_ERROR;
				CLANG_WARN_UNREACHABLE_CODE = YES;
				CLANG_WARN__DUPLICATE_METHOD_MATCH = YES;
				"CODE_SIGN_IDENTITY[sdk=iphoneos*]" = "iPhone Developer";
				COPY_PHASE_STRIP = NO;
				ENABLE_STRICT_OBJC_MSGSEND = YES;
				GCC_C_LANGUAGE_STANDARD = gnu99;
				GCC_DYNAMIC_NO_PIC = NO;
				GCC_OPTIMIZATION_LEVEL = 0;
				GCC_PREPROCESSOR_DEFINITIONS = (
					"DEBUG=1",
					"$(inherited)",
				);
				GCC_SYMBOLS_PRIVATE_EXTERN = NO;
				GCC_WARN_64_TO_32_BIT_CONVERSION = YES;
				GCC_WARN_ABOUT_RETURN_TYPE = YES_ERROR;
				GCC_WARN_UNDECLARED_SELECTOR = YES;
				GCC_WARN_UNINITIALIZED_AUTOS = YES_AGGRESSIVE;
				GCC_WARN_UNUSED_FUNCTION = YES;
				GCC_WARN_UNUSED_VARIABLE = YES;
				IPHONEOS_DEPLOYMENT_TARGET = 8.0;
				MTL_ENABLE_DEBUG_INFO = YES;
				ONLY_ACTIVE_ARCH = YES;
				SDKROOT = iphoneos;
				SWIFT_OPTIMIZATION_LEVEL = "-Onone";
			};
			name = Debug;
		};
		3B3F831619982D220016C589 /* Release */ = {
			isa = XCBuildConfiguration;
			buildSettings = {
				ALWAYS_SEARCH_USER_PATHS = NO;
				CLANG_CXX_LANGUAGE_STANDARD = "gnu++0x";
				CLANG_CXX_LIBRARY = "libc++";
				CLANG_ENABLE_MODULES = YES;
				CLANG_ENABLE_OBJC_ARC = YES;
				CLANG_WARN_BOOL_CONVERSION = YES;
				CLANG_WARN_CONSTANT_CONVERSION = YES;
				CLANG_WARN_DIRECT_OBJC_ISA_USAGE = YES_ERROR;
				CLANG_WARN_EMPTY_BODY = YES;
				CLANG_WARN_ENUM_CONVERSION = YES;
				CLANG_WARN_INT_CONVERSION = YES;
				CLANG_WARN_OBJC_ROOT_CLASS = YES_ERROR;
				CLANG_WARN_UNREACHABLE_CODE = YES;
				CLANG_WARN__DUPLICATE_METHOD_MATCH = YES;
				"CODE_SIGN_IDENTITY[sdk=iphoneos*]" = "iPhone Developer";
				COPY_PHASE_STRIP = YES;
				ENABLE_NS_ASSERTIONS = NO;
				ENABLE_STRICT_OBJC_MSGSEND = YES;
				GCC_C_LANGUAGE_STANDARD = gnu99;
				GCC_WARN_64_TO_32_BIT_CONVERSION = YES;
				GCC_WARN_ABOUT_RETURN_TYPE = YES_ERROR;
				GCC_WARN_UNDECLARED_SELECTOR = YES;
				GCC_WARN_UNINITIALIZED_AUTOS = YES_AGGRESSIVE;
				GCC_WARN_UNUSED_FUNCTION = YES;
				GCC_WARN_UNUSED_VARIABLE = YES;
				IPHONEOS_DEPLOYMENT_TARGET = 8.0;
				MTL_ENABLE_DEBUG_INFO = NO;
				SDKROOT = iphoneos;
				VALIDATE_PRODUCT = YES;
			};
			name = Release;
		};
		3B3F831819982D220016C589 /* Debug */ = {
			isa = XCBuildConfiguration;
			buildSettings = {
				ASSETCATALOG_COMPILER_APPICON_NAME = AppIcon;
				ASSETCATALOG_COMPILER_LAUNCHIMAGE_NAME = LaunchImage;
				INFOPLIST_FILE = Test/Info.plist;
				LD_RUNPATH_SEARCH_PATHS = "$(inherited) @executable_path/Frameworks";
				PRODUCT_NAME = BeaconFoundation;
			};
			name = Debug;
		};
		3B3F831919982D220016C589 /* Release */ = {
			isa = XCBuildConfiguration;
			buildSettings = {
				ASSETCATALOG_COMPILER_APPICON_NAME = AppIcon;
				ASSETCATALOG_COMPILER_LAUNCHIMAGE_NAME = LaunchImage;
				INFOPLIST_FILE = Test/Info.plist;
				LD_RUNPATH_SEARCH_PATHS = "$(inherited) @executable_path/Frameworks";
				PRODUCT_NAME = BeaconFoundation;
			};
			name = Release;
		};
		3B3F831B19982D220016C589 /* Debug */ = {
			isa = XCBuildConfiguration;
			buildSettings = {
				BUNDLE_LOADER = "$(BUILT_PRODUCTS_DIR)/Test.app/Test";
				FRAMEWORK_SEARCH_PATHS = (
					"$(SDKROOT)/Developer/Library/Frameworks",
					"$(inherited)",
				);
				GCC_PREPROCESSOR_DEFINITIONS = (
					"DEBUG=1",
					"$(inherited)",
				);
				INFOPLIST_FILE = TestTests/Info.plist;
				LD_RUNPATH_SEARCH_PATHS = "$(inherited) @executable_path/Frameworks @loader_path/Frameworks";
				PRODUCT_NAME = BeaconFoundationBeaconFoundations;
				TEST_HOST = "$(BUNDLE_LOADER)";
			};
			name = Debug;
		};
		3B3F831C19982D220016C589 /* Release */ = {
			isa = XCBuildConfiguration;
			buildSettings = {
				BUNDLE_LOADER = "$(BUILT_PRODUCTS_DIR)/Test.app/Test";
				FRAMEWORK_SEARCH_PATHS = (
					"$(SDKROOT)/Developer/Library/Frameworks",
					"$(inherited)",
				);
				INFOPLIST_FILE = TestTests/Info.plist;
				LD_RUNPATH_SEARCH_PATHS = "$(inherited) @executable_path/Frameworks @loader_path/Frameworks";
				PRODUCT_NAME = BeaconFoundationBeaconFoundations;
				TEST_HOST = "$(BUNDLE_LOADER)";
			};
			name = Release;
		};
/* End XCBuildConfiguration section */

/* Begin XCConfigurationList section */
		3B3F82F619982D210016C589 /* Build configuration list for PBXProject "BeaconFoundation" */ = {
			isa = XCConfigurationList;
			buildConfigurations = (
				3B3F831519982D220016C589 /* Debug */,
				3B3F831619982D220016C589 /* Release */,
			);
			defaultConfigurationIsVisible = 0;
			defaultConfigurationName = Release;
		};
		3B3F831719982D220016C589 /* Build configuration list for PBXNativeTarget "BeaconFoundation" */ = {
			isa = XCConfigurationList;
			buildConfigurations = (
				3B3F831819982D220016C589 /* Debug */,
				3B3F831919982D220016C589 /* Release */,
			);
			defaultConfigurationIsVisible = 0;
			defaultConfigurationName = Release;
		};
		3B3F831A19982D220016C589 /* Build configuration list for PBXNativeTarget "BeaconFoundationBeaconFoundations" */ = {
			isa = XCConfigurationList;
			buildConfigurations = (
				3B3F831B19982D220016C589 /* Debug */,
				3B3F831C19982D220016C589 /* Release */,
			);
			defaultConfigurationIsVisible = 0;
			defaultConfigurationName = Release;
		};
/* End XCConfigurationList section */
	};
	rootObject = 3B3F82F319982D210016C589 /* Project object */;
}
