// !$*UTF8*$!
{
	archiveVersion = 1;
	classes = {
	};
	objectVersion = 46;
	objects = {

/* Begin PBXBuildFile section */
		3B0BB2B119B80ACB00ECFB0C /* AboutController.swift in Sources */ = {isa = PBXBuildFile; fileRef = 3B0BB2B019B80ACB00ECFB0C /* AboutController.swift */; };
		3B0BB2B319B80F8B00ECFB0C /* ExamplesController.swift in Sources */ = {isa = PBXBuildFile; fileRef = 3B0BB2B219B80F8B00ECFB0C /* ExamplesController.swift */; };
		3B781EAF19A8093B002B1C5F /* MainMenu.swift in Sources */ = {isa = PBXBuildFile; fileRef = 3B781EAE19A8093B002B1C5F /* MainMenu.swift */; };
		3B781EB719B4F36B002B1C5F /* MapController.swift in Sources */ = {isa = PBXBuildFile; fileRef = 3B781EB619B4F36B002B1C5F /* MapController.swift */; };
		3BF5EF6719B68BA0005412A1 /* CoreLocation.framework in Frameworks */ = {isa = PBXBuildFile; fileRef = 8F601F58199D271B00319A9E /* CoreLocation.framework */; };
		3BF5EF6819B68BB1005412A1 /* MapKit.framework in Frameworks */ = {isa = PBXBuildFile; fileRef = 3B781EB419B4F2A2002B1C5F /* MapKit.framework */; };
		8F601F3C199D26FE00319A9E /* AppDelegate.swift in Sources */ = {isa = PBXBuildFile; fileRef = 8F601F3B199D26FE00319A9E /* AppDelegate.swift */; };
		8F601F3E199D26FE00319A9E /* BeaconController.swift in Sources */ = {isa = PBXBuildFile; fileRef = 8F601F3D199D26FE00319A9E /* BeaconController.swift */; };
		8F601F41199D26FE00319A9E /* Main.storyboard in Resources */ = {isa = PBXBuildFile; fileRef = 8F601F3F199D26FE00319A9E /* Main.storyboard */; };
		8F601F43199D26FE00319A9E /* Images.xcassets in Resources */ = {isa = PBXBuildFile; fileRef = 8F601F42199D26FE00319A9E /* Images.xcassets */; };
		8F601F4F199D26FE00319A9E /* BeaconFoundationTests.swift in Sources */ = {isa = PBXBuildFile; fileRef = 8F601F4E199D26FE00319A9E /* BeaconFoundationTests.swift */; };
/* End PBXBuildFile section */

/* Begin PBXContainerItemProxy section */
		8F601F49199D26FE00319A9E /* PBXContainerItemProxy */ = {
			isa = PBXContainerItemProxy;
			containerPortal = 8F601F2E199D26FE00319A9E /* Project object */;
			proxyType = 1;
			remoteGlobalIDString = 8F601F35199D26FE00319A9E;
			remoteInfo = BeaconFoundation;
		};
/* End PBXContainerItemProxy section */

/* Begin PBXFileReference section */
		3B0BB2B019B80ACB00ECFB0C /* AboutController.swift */ = {isa = PBXFileReference; fileEncoding = 4; lastKnownFileType = sourcecode.swift; path = AboutController.swift; sourceTree = "<group>"; };
		3B0BB2B219B80F8B00ECFB0C /* ExamplesController.swift */ = {isa = PBXFileReference; fileEncoding = 4; lastKnownFileType = sourcecode.swift; path = ExamplesController.swift; sourceTree = "<group>"; };
		3B781EAE19A8093B002B1C5F /* MainMenu.swift */ = {isa = PBXFileReference; fileEncoding = 4; lastKnownFileType = sourcecode.swift; path = MainMenu.swift; sourceTree = "<group>"; };
		3B781EB419B4F2A2002B1C5F /* MapKit.framework */ = {isa = PBXFileReference; lastKnownFileType = wrapper.framework; name = MapKit.framework; path = System/Library/Frameworks/MapKit.framework; sourceTree = SDKROOT; };
		3B781EB619B4F36B002B1C5F /* MapController.swift */ = {isa = PBXFileReference; fileEncoding = 4; lastKnownFileType = sourcecode.swift; path = MapController.swift; sourceTree = "<group>"; };
		8F601F36199D26FE00319A9E /* BeaconFoundation.app */ = {isa = PBXFileReference; explicitFileType = wrapper.application; includeInIndex = 0; path = BeaconFoundation.app; sourceTree = BUILT_PRODUCTS_DIR; };
		8F601F3A199D26FE00319A9E /* Info.plist */ = {isa = PBXFileReference; lastKnownFileType = text.plist.xml; path = Info.plist; sourceTree = "<group>"; };
		8F601F3B199D26FE00319A9E /* AppDelegate.swift */ = {isa = PBXFileReference; lastKnownFileType = sourcecode.swift; path = AppDelegate.swift; sourceTree = "<group>"; };
		8F601F3D199D26FE00319A9E /* BeaconController.swift */ = {isa = PBXFileReference; lastKnownFileType = sourcecode.swift; path = BeaconController.swift; sourceTree = "<group>"; };
		8F601F40199D26FE00319A9E /* Base */ = {isa = PBXFileReference; lastKnownFileType = file.storyboard; name = Base; path = Base.lproj/Main.storyboard; sourceTree = "<group>"; };
		8F601F42199D26FE00319A9E /* Images.xcassets */ = {isa = PBXFileReference; lastKnownFileType = folder.assetcatalog; path = Images.xcassets; sourceTree = "<group>"; };
		8F601F48199D26FE00319A9E /* BeaconFoundationTests.xctest */ = {isa = PBXFileReference; explicitFileType = wrapper.cfbundle; includeInIndex = 0; path = BeaconFoundationTests.xctest; sourceTree = BUILT_PRODUCTS_DIR; };
		8F601F4D199D26FE00319A9E /* Info.plist */ = {isa = PBXFileReference; lastKnownFileType = text.plist.xml; path = Info.plist; sourceTree = "<group>"; };
		8F601F4E199D26FE00319A9E /* BeaconFoundationTests.swift */ = {isa = PBXFileReference; lastKnownFileType = sourcecode.swift; path = BeaconFoundationTests.swift; sourceTree = "<group>"; };
		8F601F58199D271B00319A9E /* CoreLocation.framework */ = {isa = PBXFileReference; lastKnownFileType = wrapper.framework; name = CoreLocation.framework; path = System/Library/Frameworks/CoreLocation.framework; sourceTree = SDKROOT; };
/* End PBXFileReference section */

/* Begin PBXFrameworksBuildPhase section */
		8F601F33199D26FE00319A9E /* Frameworks */ = {
			isa = PBXFrameworksBuildPhase;
			buildActionMask = 2147483647;
			files = (
				3BF5EF6819B68BB1005412A1 /* MapKit.framework in Frameworks */,
				3BF5EF6719B68BA0005412A1 /* CoreLocation.framework in Frameworks */,
			);
			runOnlyForDeploymentPostprocessing = 0;
		};
		8F601F45199D26FE00319A9E /* Frameworks */ = {
			isa = PBXFrameworksBuildPhase;
			buildActionMask = 2147483647;
			files = (
			);
			runOnlyForDeploymentPostprocessing = 0;
		};
/* End PBXFrameworksBuildPhase section */

/* Begin PBXGroup section */
		8F601F2D199D26FE00319A9E = {
			isa = PBXGroup;
			children = (
				3B781EB419B4F2A2002B1C5F /* MapKit.framework */,
				8F601F58199D271B00319A9E /* CoreLocation.framework */,
				8F601F38199D26FE00319A9E /* BeaconFoundation */,
				8F601F4B199D26FE00319A9E /* BeaconFoundationTests */,
				8F601F37199D26FE00319A9E /* Products */,
			);
			sourceTree = "<group>";
		};
		8F601F37199D26FE00319A9E /* Products */ = {
			isa = PBXGroup;
			children = (
				8F601F36199D26FE00319A9E /* BeaconFoundation.app */,
				8F601F48199D26FE00319A9E /* BeaconFoundationTests.xctest */,
			);
			name = Products;
			sourceTree = "<group>";
		};
		8F601F38199D26FE00319A9E /* BeaconFoundation */ = {
			isa = PBXGroup;
			children = (
				8F601F3B199D26FE00319A9E /* AppDelegate.swift */,
				8F601F3D199D26FE00319A9E /* BeaconController.swift */,
				3B0BB2B019B80ACB00ECFB0C /* AboutController.swift */,
				3B0BB2B219B80F8B00ECFB0C /* ExamplesController.swift */,
				3B781EAE19A8093B002B1C5F /* MainMenu.swift */,
				3B781EB619B4F36B002B1C5F /* MapController.swift */,
				8F601F3F199D26FE00319A9E /* Main.storyboard */,
				8F601F42199D26FE00319A9E /* Images.xcassets */,
				8F601F39199D26FE00319A9E /* Supporting Files */,
			);
			path = BeaconFoundation;
			sourceTree = "<group>";
		};
		8F601F39199D26FE00319A9E /* Supporting Files */ = {
			isa = PBXGroup;
			children = (
				8F601F3A199D26FE00319A9E /* Info.plist */,
			);
			name = "Supporting Files";
			sourceTree = "<group>";
		};
		8F601F4B199D26FE00319A9E /* BeaconFoundationTests */ = {
			isa = PBXGroup;
			children = (
				8F601F4E199D26FE00319A9E /* BeaconFoundationTests.swift */,
				8F601F4C199D26FE00319A9E /* Supporting Files */,
			);
			path = BeaconFoundationTests;
			sourceTree = "<group>";
		};
		8F601F4C199D26FE00319A9E /* Supporting Files */ = {
			isa = PBXGroup;
			children = (
				8F601F4D199D26FE00319A9E /* Info.plist */,
			);
			name = "Supporting Files";
			sourceTree = "<group>";
		};
/* End PBXGroup section */

/* Begin PBXNativeTarget section */
		8F601F35199D26FE00319A9E /* BeaconFoundation */ = {
			isa = PBXNativeTarget;
			buildConfigurationList = 8F601F52199D26FE00319A9E /* Build configuration list for PBXNativeTarget "BeaconFoundation" */;
			buildPhases = (
				8F601F32199D26FE00319A9E /* Sources */,
				8F601F33199D26FE00319A9E /* Frameworks */,
				8F601F34199D26FE00319A9E /* Resources */,
			);
			buildRules = (
			);
			dependencies = (
			);
			name = BeaconFoundation;
			productName = BeaconFoundation;
			productReference = 8F601F36199D26FE00319A9E /* BeaconFoundation.app */;
			productType = "com.apple.product-type.application";
		};
		8F601F47199D26FE00319A9E /* BeaconFoundationTests */ = {
			isa = PBXNativeTarget;
			buildConfigurationList = 8F601F55199D26FE00319A9E /* Build configuration list for PBXNativeTarget "BeaconFoundationTests" */;
			buildPhases = (
				8F601F44199D26FE00319A9E /* Sources */,
				8F601F45199D26FE00319A9E /* Frameworks */,
				8F601F46199D26FE00319A9E /* Resources */,
			);
			buildRules = (
			);
			dependencies = (
				8F601F4A199D26FE00319A9E /* PBXTargetDependency */,
			);
			name = BeaconFoundationTests;
			productName = BeaconFoundationTests;
			productReference = 8F601F48199D26FE00319A9E /* BeaconFoundationTests.xctest */;
			productType = "com.apple.product-type.bundle.unit-test";
		};
/* End PBXNativeTarget section */

/* Begin PBXProject section */
		8F601F2E199D26FE00319A9E /* Project object */ = {
			isa = PBXProject;
			attributes = {
				LastUpgradeCheck = 0600;
				ORGANIZATIONNAME = GPW;
				TargetAttributes = {
					8F601F35199D26FE00319A9E = {
						CreatedOnToolsVersion = 6.0;
						SystemCapabilities = {
							com.apple.BackgroundModes = {
								enabled = 1;
							};
						};
					};
					8F601F47199D26FE00319A9E = {
						CreatedOnToolsVersion = 6.0;
						TestTargetID = 8F601F35199D26FE00319A9E;
					};
				};
			};
			buildConfigurationList = 8F601F31199D26FE00319A9E /* Build configuration list for PBXProject "BeaconFoundation" */;
			compatibilityVersion = "Xcode 3.2";
			developmentRegion = English;
			hasScannedForEncodings = 0;
			knownRegions = (
				en,
				Base,
			);
			mainGroup = 8F601F2D199D26FE00319A9E;
			productRefGroup = 8F601F37199D26FE00319A9E /* Products */;
			projectDirPath = "";
			projectRoot = "";
			targets = (
				8F601F35199D26FE00319A9E /* BeaconFoundation */,
				8F601F47199D26FE00319A9E /* BeaconFoundationTests */,
			);
		};
/* End PBXProject section */

/* Begin PBXResourcesBuildPhase section */
		8F601F34199D26FE00319A9E /* Resources */ = {
			isa = PBXResourcesBuildPhase;
			buildActionMask = 2147483647;
			files = (
				8F601F41199D26FE00319A9E /* Main.storyboard in Resources */,
				8F601F43199D26FE00319A9E /* Images.xcassets in Resources */,
			);
			runOnlyForDeploymentPostprocessing = 0;
		};
		8F601F46199D26FE00319A9E /* Resources */ = {
			isa = PBXResourcesBuildPhase;
			buildActionMask = 2147483647;
			files = (
			);
			runOnlyForDeploymentPostprocessing = 0;
		};
/* End PBXResourcesBuildPhase section */

/* Begin PBXSourcesBuildPhase section */
		8F601F32199D26FE00319A9E /* Sources */ = {
			isa = PBXSourcesBuildPhase;
			buildActionMask = 2147483647;
			files = (
				3B781EB719B4F36B002B1C5F /* MapController.swift in Sources */,
				3B0BB2B119B80ACB00ECFB0C /* AboutController.swift in Sources */,
				3B0BB2B319B80F8B00ECFB0C /* ExamplesController.swift in Sources */,
				8F601F3E199D26FE00319A9E /* BeaconController.swift in Sources */,
				3B781EAF19A8093B002B1C5F /* MainMenu.swift in Sources */,
				8F601F3C199D26FE00319A9E /* AppDelegate.swift in Sources */,
			);
			runOnlyForDeploymentPostprocessing = 0;
		};
		8F601F44199D26FE00319A9E /* Sources */ = {
			isa = PBXSourcesBuildPhase;
			buildActionMask = 2147483647;
			files = (
				8F601F4F199D26FE00319A9E /* BeaconFoundationTests.swift in Sources */,
			);
			runOnlyForDeploymentPostprocessing = 0;
		};
/* End PBXSourcesBuildPhase section */

/* Begin PBXTargetDependency section */
		8F601F4A199D26FE00319A9E /* PBXTargetDependency */ = {
			isa = PBXTargetDependency;
			target = 8F601F35199D26FE00319A9E /* BeaconFoundation */;
			targetProxy = 8F601F49199D26FE00319A9E /* PBXContainerItemProxy */;
		};
/* End PBXTargetDependency section */

/* Begin PBXVariantGroup section */
		8F601F3F199D26FE00319A9E /* Main.storyboard */ = {
			isa = PBXVariantGroup;
			children = (
				8F601F40199D26FE00319A9E /* Base */,
			);
			name = Main.storyboard;
			sourceTree = "<group>";
		};
/* End PBXVariantGroup section */

/* Begin XCBuildConfiguration section */
		8F601F50199D26FE00319A9E /* Debug */ = {
			isa = XCBuildConfiguration;
			buildSettings = {
				ALWAYS_SEARCH_USER_PATHS = NO;
				CLANG_CXX_LANGUAGE_STANDARD = "gnu++0x";
				CLANG_CXX_LIBRARY = "libc++";
				CLANG_ENABLE_MODULES = YES;
				CLANG_ENABLE_OBJC_ARC = YES;
				CLANG_WARN_BOOL_CONVERSION = YES;
				CLANG_WARN_CONSTANT_CONVERSION = YES;
				CLANG_WARN_DIRECT_OBJC_ISA_USAGE = YES_ERROR;
				CLANG_WARN_EMPTY_BODY = YES;
				CLANG_WARN_ENUM_CONVERSION = YES;
				CLANG_WARN_INT_CONVERSION = YES;
				CLANG_WARN_OBJC_ROOT_CLASS = YES_ERROR;
				CLANG_WARN_UNREACHABLE_CODE = YES;
				CLANG_WARN__DUPLICATE_METHOD_MATCH = YES;
				"CODE_SIGN_IDENTITY[sdk=iphoneos*]" = "iPhone Developer";
				COPY_PHASE_STRIP = NO;
				ENABLE_STRICT_OBJC_MSGSEND = YES;
				GCC_C_LANGUAGE_STANDARD = gnu99;
				GCC_DYNAMIC_NO_PIC = NO;
				GCC_OPTIMIZATION_LEVEL = 0;
				GCC_PREPROCESSOR_DEFINITIONS = (
					"DEBUG=1",
					"$(inherited)",
				);
				GCC_SYMBOLS_PRIVATE_EXTERN = NO;
				GCC_WARN_64_TO_32_BIT_CONVERSION = YES;
				GCC_WARN_ABOUT_RETURN_TYPE = YES_ERROR;
				GCC_WARN_UNDECLARED_SELECTOR = YES;
				GCC_WARN_UNINITIALIZED_AUTOS = YES_AGGRESSIVE;
				GCC_WARN_UNUSED_FUNCTION = YES;
				GCC_WARN_UNUSED_VARIABLE = YES;
				IPHONEOS_DEPLOYMENT_TARGET = 8.0;
				MTL_ENABLE_DEBUG_INFO = YES;
				ONLY_ACTIVE_ARCH = YES;
				SDKROOT = iphoneos;
				SWIFT_OPTIMIZATION_LEVEL = "-Onone";
			};
			name = Debug;
		};
		8F601F51199D26FE00319A9E /* Release */ = {
			isa = XCBuildConfiguration;
			buildSettings = {
				ALWAYS_SEARCH_USER_PATHS = NO;
				CLANG_CXX_LANGUAGE_STANDARD = "gnu++0x";
				CLANG_CXX_LIBRARY = "libc++";
				CLANG_ENABLE_MODULES = YES;
				CLANG_ENABLE_OBJC_ARC = YES;
				CLANG_WARN_BOOL_CONVERSION = YES;
				CLANG_WARN_CONSTANT_CONVERSION = YES;
				CLANG_WARN_DIRECT_OBJC_ISA_USAGE = YES_ERROR;
				CLANG_WARN_EMPTY_BODY = YES;
				CLANG_WARN_ENUM_CONVERSION = YES;
				CLANG_WARN_INT_CONVERSION = YES;
				CLANG_WARN_OBJC_ROOT_CLASS = YES_ERROR;
				CLANG_WARN_UNREACHABLE_CODE = YES;
				CLANG_WARN__DUPLICATE_METHOD_MATCH = YES;
				"CODE_SIGN_IDENTITY[sdk=iphoneos*]" = "iPhone Developer";
				COPY_PHASE_STRIP = YES;
				ENABLE_NS_ASSERTIONS = NO;
				ENABLE_STRICT_OBJC_MSGSEND = YES;
				GCC_C_LANGUAGE_STANDARD = gnu99;
				GCC_WARN_64_TO_32_BIT_CONVERSION = YES;
				GCC_WARN_ABOUT_RETURN_TYPE = YES_ERROR;
				GCC_WARN_UNDECLARED_SELECTOR = YES;
				GCC_WARN_UNINITIALIZED_AUTOS = YES_AGGRESSIVE;
				GCC_WARN_UNUSED_FUNCTION = YES;
				GCC_WARN_UNUSED_VARIABLE = YES;
				IPHONEOS_DEPLOYMENT_TARGET = 8.0;
				MTL_ENABLE_DEBUG_INFO = NO;
				SDKROOT = iphoneos;
				VALIDATE_PRODUCT = YES;
			};
			name = Release;
		};
		8F601F53199D26FE00319A9E /* Debug */ = {
			isa = XCBuildConfiguration;
			buildSettings = {
				ASSETCATALOG_COMPILER_APPICON_NAME = AppIcon;
				ASSETCATALOG_COMPILER_LAUNCHIMAGE_NAME = LaunchImage;
				INFOPLIST_FILE = BeaconFoundation/Info.plist;
				LD_RUNPATH_SEARCH_PATHS = "$(inherited) @executable_path/Frameworks";
				PRODUCT_NAME = "$(TARGET_NAME)";
			};
			name = Debug;
		};
		8F601F54199D26FE00319A9E /* Release */ = {
			isa = XCBuildConfiguration;
			buildSettings = {
				ASSETCATALOG_COMPILER_APPICON_NAME = AppIcon;
				ASSETCATALOG_COMPILER_LAUNCHIMAGE_NAME = LaunchImage;
				INFOPLIST_FILE = BeaconFoundation/Info.plist;
				LD_RUNPATH_SEARCH_PATHS = "$(inherited) @executable_path/Frameworks";
				PRODUCT_NAME = "$(TARGET_NAME)";
			};
			name = Release;
		};
		8F601F56199D26FE00319A9E /* Debug */ = {
			isa = XCBuildConfiguration;
			buildSettings = {
				BUNDLE_LOADER = "$(TEST_HOST)";
				FRAMEWORK_SEARCH_PATHS = (
					"$(SDKROOT)/Developer/Library/Frameworks",
					"$(inherited)",
				);
				GCC_PREPROCESSOR_DEFINITIONS = (
					"DEBUG=1",
					"$(inherited)",
				);
				INFOPLIST_FILE = BeaconFoundationTests/Info.plist;
				LD_RUNPATH_SEARCH_PATHS = "$(inherited) @executable_path/Frameworks @loader_path/Frameworks";
				PRODUCT_NAME = "$(TARGET_NAME)";
				TEST_HOST = "$(BUILT_PRODUCTS_DIR)/BeaconFoundation.app/BeaconFoundation";
			};
			name = Debug;
		};
		8F601F57199D26FE00319A9E /* Release */ = {
			isa = XCBuildConfiguration;
			buildSettings = {
				BUNDLE_LOADER = "$(TEST_HOST)";
				FRAMEWORK_SEARCH_PATHS = (
					"$(SDKROOT)/Developer/Library/Frameworks",
					"$(inherited)",
				);
				INFOPLIST_FILE = BeaconFoundationTests/Info.plist;
				LD_RUNPATH_SEARCH_PATHS = "$(inherited) @executable_path/Frameworks @loader_path/Frameworks";
				PRODUCT_NAME = "$(TARGET_NAME)";
				TEST_HOST = "$(BUILT_PRODUCTS_DIR)/BeaconFoundation.app/BeaconFoundation";
			};
			name = Release;
		};
/* End XCBuildConfiguration section */

/* Begin XCConfigurationList section */
		8F601F31199D26FE00319A9E /* Build configuration list for PBXProject "BeaconFoundation" */ = {
			isa = XCConfigurationList;
			buildConfigurations = (
				8F601F50199D26FE00319A9E /* Debug */,
				8F601F51199D26FE00319A9E /* Release */,
			);
			defaultConfigurationIsVisible = 0;
			defaultConfigurationName = Release;
		};
		8F601F52199D26FE00319A9E /* Build configuration list for PBXNativeTarget "BeaconFoundation" */ = {
			isa = XCConfigurationList;
			buildConfigurations = (
				8F601F53199D26FE00319A9E /* Debug */,
				8F601F54199D26FE00319A9E /* Release */,
			);
			defaultConfigurationIsVisible = 0;
			defaultConfigurationName = Release;
		};
		8F601F55199D26FE00319A9E /* Build configuration list for PBXNativeTarget "BeaconFoundationTests" */ = {
			isa = XCConfigurationList;
			buildConfigurations = (
				8F601F56199D26FE00319A9E /* Debug */,
				8F601F57199D26FE00319A9E /* Release */,
			);
			defaultConfigurationIsVisible = 0;
			defaultConfigurationName = Release;
		};
/* End XCConfigurationList section */
	};
	rootObject = 8F601F2E199D26FE00319A9E /* Project object */;
}
